<?xml version="1.0" encoding="utf-8"?>
<Project ToolsVersion="4.0" xmlns="http://schemas.microsoft.com/developer/msbuild/2003">
  <ItemGroup>
    <Filter Include="Source Files">
      <UniqueIdentifier>{4FC737F1-C7A5-4376-A066-2A32D752A2FF}</UniqueIdentifier>
      <Extensions>cpp;c;cc;cxx;c++;cppm;ixx;def;odl;idl;hpj;bat;asm;asmx</Extensions>
    </Filter>
    <Filter Include="Header Files">
      <UniqueIdentifier>{93995380-89BD-4b04-88EB-625FBE52EBFB}</UniqueIdentifier>
      <Extensions>h;hh;hpp;hxx;h++;hm;inl;inc;ipp;xsd</Extensions>
    </Filter>
    <Filter Include="Resource Files">
      <UniqueIdentifier>{67DA6AB6-F800-4c08-8B7A-83BB121AAD01}</UniqueIdentifier>
      <Extensions>rc;ico;cur;bmp;dlg;rc2;rct;bin;rgs;gif;jpg;jpeg;jpe;resx;tiff;tif;png;wav;mfcribbon-ms</Extensions>
    </Filter>
    <Filter Include="NewFilter1">
      <UniqueIdentifier>{5f59cd39-9d9a-4f2c-a392-50abe4b50b43}</UniqueIdentifier>
    </Filter>
  </ItemGroup>
  <ItemGroup>
    <ClInclude Include="cpu\cpu.h">
      <Filter>Header Files</Filter>
    </ClInclude>
    <ClInclude Include="basetypes.h">
      <Filter>Header Files</Filter>
    </ClInclude>
    <ClInclude Include="cpu\mmu\mmu.h">
      <Filter>Header Files</Filter>
    </ClInclude>
    <ClInclude Include="devices\devices.h">
      <Filter>Header Files</Filter>
    </ClInclude>
    <ClInclude Include="devices\video\video.h">
      <Filter>Header Files</Filter>
    </ClInclude>
    <ClInclude Include="devices\kb\kb.h">
      <Filter>Header Files</Filter>
    </ClInclude>
  </ItemGroup>
  <ItemGroup>
    <ClCompile Include="main.c">
      <Filter>Source Files</Filter>
    </ClCompile>
    <ClCompile Include="cpu\cpu_init.c">
      <Filter>Source Files</Filter>
    </ClCompile>
    <ClCompile Include="cpu\cpu_clock.c">
      <Filter>Source Files</Filter>
    </ClCompile>
    <ClCompile Include="cpu\cpu_handlers.c">
      <Filter>Source Files</Filter>
    </ClCompile>
    <ClCompile Include="cpu\mmu\mmu_init.c">
      <Filter>Source Files</Filter>
    </ClCompile>
    <ClCompile Include="cpu\mmu\mmu_io.c">
      <Filter>Source Files</Filter>
    </ClCompile>
    <ClCompile Include="cpu\mmu\mmu_virt.c">
      <Filter>Source Files</Filter>
    </ClCompile>
    <ClCompile Include="cpu\ops\cops_general.c">
      <Filter>Source Files</Filter>
    </ClCompile>
    <ClCompile Include="cpu\ops\cops_arithmetic.c">
      <Filter>Source Files</Filter>
    </ClCompile>
    <ClCompile Include="cpu\ops\cops_bitwise.c">
      <Filter>Source Files</Filter>
    </ClCompile>
    <ClCompile Include="cpu\ops\cops_memory.c">
      <Filter>Source Files</Filter>
    </ClCompile>
    <ClCompile Include="devices\devices_init.c">
      <Filter>Source Files</Filter>
    </ClCompile>
    <ClCompile Include="cpu\ops\cops_devices.c">
      <Filter>Source Files</Filter>
    </ClCompile>
    <ClCompile Include="cpu\ops\cops_interrupts.c">
      <Filter>Source Files</Filter>
    </ClCompile>
    <ClCompile Include="cpu\mmu\mmu_stack.c">
      <Filter>Source Files</Filter>
    </ClCompile>
    <ClCompile Include="cpu\mmu\pages\mmup_create.c">
      <Filter>Source Files</Filter>
    </ClCompile>
    <ClCompile Include="cpu\mmu\pages\mmup_delete.c">
      <Filter>Source Files</Filter>
    </ClCompile>
    <ClCompile Include="cpu\mmu\pages\mmup_misc.c">
      <Filter>Source Files</Filter>
    </ClCompile>
    <ClCompile Include="cpu\cpu_csm.c">
      <Filter>Source Files</Filter>
    </ClCompile>
    <ClCompile Include="cpu\cpu_inst.c">
      <Filter>Source Files</Filter>
    </ClCompile>
    <ClCompile Include="devices\devices_collect.c">
      <Filter>Source Files</Filter>
    </ClCompile>
    <ClCompile Include="devices\devices_registry.c">
      <Filter>Source Files</Filter>
    </ClCompile>
    <ClCompile Include="devices\kb\kb_handlers.c">
      <Filter>Source Files</Filter>
    </ClCompile>
    <ClCompile Include="devices\video\video_handlers.c">
      <Filter>Source Files</Filter>
    </ClCompile>
    <ClCompile Include="devices\kb\kb_collect.c">
      <Filter>Source Files</Filter>
    </ClCompile>
    <ClCompile Include="devices\video\video_collect.c">
      <Filter>Source Files</Filter>
    </ClCompile>
    <ClCompile Include="devices\video\video_init.c">
      <Filter>Source Files</Filter>
    </ClCompile>
    <ClCompile Include="devices\kb\kb_init.c">
      <Filter>Source Files</Filter>
    </ClCompile>
    <ClCompile Include="devices\video\video_native.c">
      <Filter>Source Files</Filter>
    </ClCompile>
  </ItemGroup>
  <ItemGroup>
    <None Include="packages.config" />
  </ItemGroup>
</Project>