// !$*UTF8*$!
{
	archiveVersion = 1;
	classes = {
	};
	objectVersion = 56;
	objects = {

/* Begin PBXBuildFile section */
		8C6C48892B09600300B73C87 /* xcc_timer.c in Sources */ = {isa = PBXBuildFile; fileRef = 8C6C48882B09600300B73C87 /* xcc_timer.c */; };
		8C6C48902B09600A00B73C87 /* cops_arithmetic.c in Sources */ = {isa = PBXBuildFile; fileRef = 8C6C488A2B09600A00B73C87 /* cops_arithmetic.c */; };
		8C6C48912B09600A00B73C87 /* cops_bitwise.c in Sources */ = {isa = PBXBuildFile; fileRef = 8C6C488B2B09600A00B73C87 /* cops_bitwise.c */; };
		8C6C48922B09600A00B73C87 /* cops_general.c in Sources */ = {isa = PBXBuildFile; fileRef = 8C6C488C2B09600A00B73C87 /* cops_general.c */; };
		8C6C48932B09600A00B73C87 /* cops_devices.c in Sources */ = {isa = PBXBuildFile; fileRef = 8C6C488D2B09600A00B73C87 /* cops_devices.c */; };
		8C6C48942B09600A00B73C87 /* cops_interrupts.c in Sources */ = {isa = PBXBuildFile; fileRef = 8C6C488E2B09600A00B73C87 /* cops_interrupts.c */; };
		8C6C48952B09600A00B73C87 /* cops_memory.c in Sources */ = {isa = PBXBuildFile; fileRef = 8C6C488F2B09600A00B73C87 /* cops_memory.c */; };
		8C6C489B2B09602200B73C87 /* mmu_io.c in Sources */ = {isa = PBXBuildFile; fileRef = 8C6C48962B09602200B73C87 /* mmu_io.c */; };
		8C6C489C2B09602200B73C87 /* mmu_virt.c in Sources */ = {isa = PBXBuildFile; fileRef = 8C6C48972B09602200B73C87 /* mmu_virt.c */; };
		8C6C489D2B09602200B73C87 /* mmu_stack.c in Sources */ = {isa = PBXBuildFile; fileRef = 8C6C48992B09602200B73C87 /* mmu_stack.c */; };
		8C6C489E2B09602200B73C87 /* mmu_init.c in Sources */ = {isa = PBXBuildFile; fileRef = 8C6C489A2B09602200B73C87 /* mmu_init.c */; };
		8C6C48A32B09603900B73C87 /* mmup_misc.c in Sources */ = {isa = PBXBuildFile; fileRef = 8C6C48A02B09603900B73C87 /* mmup_misc.c */; };
		8C6C48A42B09603900B73C87 /* mmup_create.c in Sources */ = {isa = PBXBuildFile; fileRef = 8C6C48A12B09603900B73C87 /* mmup_create.c */; };
		8C6C48A52B09603900B73C87 /* mmup_delete.c in Sources */ = {isa = PBXBuildFile; fileRef = 8C6C48A22B09603900B73C87 /* mmup_delete.c */; };
		8C6C48AB2B0965D600B73C87 /* decoder_init.c in Sources */ = {isa = PBXBuildFile; fileRef = 8C6C48A72B0965D500B73C87 /* decoder_init.c */; };
		8C6C48AC2B0965D600B73C87 /* decoder_print.c in Sources */ = {isa = PBXBuildFile; fileRef = 8C6C48A92B0965D600B73C87 /* decoder_print.c */; };
		8C6C48AD2B0965D600B73C87 /* decoder_debug.c in Sources */ = {isa = PBXBuildFile; fileRef = 8C6C48AA2B0965D600B73C87 /* decoder_debug.c */; };
		8C6C48B82B0966A600B73C87 /* video_collect.c in Sources */ = {isa = PBXBuildFile; fileRef = 8C6C48B32B0966A600B73C87 /* video_collect.c */; };
		8C6C48B92B0966A600B73C87 /* video_handlers.c in Sources */ = {isa = PBXBuildFile; fileRef = 8C6C48B42B0966A600B73C87 /* video_handlers.c */; };
		8C6C48BA2B0966A600B73C87 /* video_native.c in Sources */ = {isa = PBXBuildFile; fileRef = 8C6C48B52B0966A600B73C87 /* video_native.c */; };
		8C6C48BB2B0966A600B73C87 /* video_init.c in Sources */ = {isa = PBXBuildFile; fileRef = 8C6C48B62B0966A600B73C87 /* video_init.c */; };
		8C6C48C02B0966AE00B73C87 /* sdbg_init.c in Sources */ = {isa = PBXBuildFile; fileRef = 8C6C48BC2B0966AE00B73C87 /* sdbg_init.c */; };
		8C6C48C12B0966AE00B73C87 /* sdbg_natives.c in Sources */ = {isa = PBXBuildFile; fileRef = 8C6C48BD2B0966AE00B73C87 /* sdbg_natives.c */; };
		8C6C48C22B0966AE00B73C87 /* sdbg_handler.c in Sources */ = {isa = PBXBuildFile; fileRef = 8C6C48BE2B0966AE00B73C87 /* sdbg_handler.c */; };
		8C6C48C82B0966D400B73C87 /* kb_collect.c in Sources */ = {isa = PBXBuildFile; fileRef = 8C6C48C32B0966D400B73C87 /* kb_collect.c */; };
		8C6C48C92B0966D400B73C87 /* kb_native.c in Sources */ = {isa = PBXBuildFile; fileRef = 8C6C48C52B0966D400B73C87 /* kb_native.c */; };
		8C6C48CA2B0966D400B73C87 /* kb_handlers.c in Sources */ = {isa = PBXBuildFile; fileRef = 8C6C48C62B0966D400B73C87 /* kb_handlers.c */; };
		8C6C48CB2B0966D400B73C87 /* kb_init.c in Sources */ = {isa = PBXBuildFile; fileRef = 8C6C48C72B0966D400B73C87 /* kb_init.c */; };
		8C6C48D12B0966D900B73C87 /* fdisk_init.c in Sources */ = {isa = PBXBuildFile; fileRef = 8C6C48CC2B0966D900B73C87 /* fdisk_init.c */; };
		8C6C48D22B0966D900B73C87 /* fdisk_collect.c in Sources */ = {isa = PBXBuildFile; fileRef = 8C6C48CD2B0966D900B73C87 /* fdisk_collect.c */; };
		8C6C48D32B0966D900B73C87 /* fdisk_native.c in Sources */ = {isa = PBXBuildFile; fileRef = 8C6C48CE2B0966D900B73C87 /* fdisk_native.c */; };
		8C6C48D42B0966D900B73C87 /* fdisk_handlers.c in Sources */ = {isa = PBXBuildFile; fileRef = 8C6C48CF2B0966D900B73C87 /* fdisk_handlers.c */; };
		8C6C48DB2B0966FE00B73C87 /* psin2_init.c in Sources */ = {isa = PBXBuildFile; fileRef = 8C6C48D62B0966FE00B73C87 /* psin2_init.c */; };
		8C6C48DC2B0966FE00B73C87 /* psin2_getcg.c in Sources */ = {isa = PBXBuildFile; fileRef = 8C6C48D72B0966FE00B73C87 /* psin2_getcg.c */; };
		8C6C48DD2B0966FE00B73C87 /* psin2_parse.c in Sources */ = {isa = PBXBuildFile; fileRef = 8C6C48D92B0966FE00B73C87 /* psin2_parse.c */; };
		8C6C48DE2B0966FE00B73C87 /* psin2_data.c in Sources */ = {isa = PBXBuildFile; fileRef = 8C6C48DA2B0966FE00B73C87 /* psin2_data.c */; };
		8C6C48E62B09671B00B73C87 /* tools_main.c in Sources */ = {isa = PBXBuildFile; fileRef = 8C6C48E02B09671B00B73C87 /* tools_main.c */; };
		8C6C48E72B09671B00B73C87 /* tools_bootldr.c in Sources */ = {isa = PBXBuildFile; fileRef = 8C6C48E12B09671B00B73C87 /* tools_bootldr.c */; };
		8C6C48E82B09671B00B73C87 /* tools_hddgen.c in Sources */ = {isa = PBXBuildFile; fileRef = 8C6C48E32B09671B00B73C87 /* tools_hddgen.c */; };
		8C6C48E92B09671B00B73C87 /* tools_fontgen.c in Sources */ = {isa = PBXBuildFile; fileRef = 8C6C48E42B09671B00B73C87 /* tools_fontgen.c */; };
		8C6C48EA2B09671B00B73C87 /* tools_fontview.c in Sources */ = {isa = PBXBuildFile; fileRef = 8C6C48E52B09671B00B73C87 /* tools_fontview.c */; };
		8C6C48EF2B09677E00B73C87 /* devices_init.c in Sources */ = {isa = PBXBuildFile; fileRef = 8C6C48EB2B09677E00B73C87 /* devices_init.c */; };
		8C6C48F02B09677E00B73C87 /* devices_collect.c in Sources */ = {isa = PBXBuildFile; fileRef = 8C6C48EC2B09677E00B73C87 /* devices_collect.c */; };
		8C6C48F12B09677E00B73C87 /* devices_handlers.c in Sources */ = {isa = PBXBuildFile; fileRef = 8C6C48ED2B09677E00B73C87 /* devices_handlers.c */; };
		8CBC12712B14F94A00890ABD /* xcc_systemtime.c in Sources */ = {isa = PBXBuildFile; fileRef = 8CBC12702B14F94A00890ABD /* xcc_systemtime.c */; };
		8CEEB0752B095C520026004C /* libSDL2-2.0.0.dylib in Frameworks */ = {isa = PBXBuildFile; fileRef = 8CEEB0742B095C520026004C /* libSDL2-2.0.0.dylib */; };
		8CEEB08C2B095F140026004C /* emu.c in Sources */ = {isa = PBXBuildFile; fileRef = 8CEEB0882B095F140026004C /* emu.c */; };
		8CEEB08D2B095F140026004C /* main.c in Sources */ = {isa = PBXBuildFile; fileRef = 8CEEB08A2B095F140026004C /* main.c */; };
		8CEEB0952B095F420026004C /* cpu_handlers.c in Sources */ = {isa = PBXBuildFile; fileRef = 8CEEB08F2B095F420026004C /* cpu_handlers.c */; };
		8CEEB0962B095F420026004C /* cpu_init.c in Sources */ = {isa = PBXBuildFile; fileRef = 8CEEB0902B095F420026004C /* cpu_init.c */; };
		8CEEB0972B095F420026004C /* cpu_clock.c in Sources */ = {isa = PBXBuildFile; fileRef = 8CEEB0912B095F420026004C /* cpu_clock.c */; };
		8CEEB0982B095F420026004C /* cpu_inst.c in Sources */ = {isa = PBXBuildFile; fileRef = 8CEEB0922B095F420026004C /* cpu_inst.c */; };
		8CEEB0992B095F420026004C /* cpu_csm.c in Sources */ = {isa = PBXBuildFile; fileRef = 8CEEB0942B095F420026004C /* cpu_csm.c */; };
/* End PBXBuildFile section */

/* Begin PBXCopyFilesBuildPhase section */
		8CEEAFD72B0954F50026004C /* CopyFiles */ = {
			isa = PBXCopyFilesBuildPhase;
			buildActionMask = 2147483647;
			dstPath = /usr/share/man/man1/;
			dstSubfolderSpec = 0;
			files = (
			);
			runOnlyForDeploymentPostprocessing = 1;
		};
/* End PBXCopyFilesBuildPhase section */

/* Begin PBXFileReference section */
		8C6C48882B09600300B73C87 /* xcc_timer.c */ = {isa = PBXFileReference; fileEncoding = 4; lastKnownFileType = sourcecode.c.c; path = xcc_timer.c; sourceTree = "<group>"; };
		8C6C488A2B09600A00B73C87 /* cops_arithmetic.c */ = {isa = PBXFileReference; fileEncoding = 4; lastKnownFileType = sourcecode.c.c; path = cops_arithmetic.c; sourceTree = "<group>"; };
		8C6C488B2B09600A00B73C87 /* cops_bitwise.c */ = {isa = PBXFileReference; fileEncoding = 4; lastKnownFileType = sourcecode.c.c; path = cops_bitwise.c; sourceTree = "<group>"; };
		8C6C488C2B09600A00B73C87 /* cops_general.c */ = {isa = PBXFileReference; fileEncoding = 4; lastKnownFileType = sourcecode.c.c; path = cops_general.c; sourceTree = "<group>"; };
		8C6C488D2B09600A00B73C87 /* cops_devices.c */ = {isa = PBXFileReference; fileEncoding = 4; lastKnownFileType = sourcecode.c.c; path = cops_devices.c; sourceTree = "<group>"; };
		8C6C488E2B09600A00B73C87 /* cops_interrupts.c */ = {isa = PBXFileReference; fileEncoding = 4; lastKnownFileType = sourcecode.c.c; path = cops_interrupts.c; sourceTree = "<group>"; };
		8C6C488F2B09600A00B73C87 /* cops_memory.c */ = {isa = PBXFileReference; fileEncoding = 4; lastKnownFileType = sourcecode.c.c; path = cops_memory.c; sourceTree = "<group>"; };
		8C6C48962B09602200B73C87 /* mmu_io.c */ = {isa = PBXFileReference; fileEncoding = 4; lastKnownFileType = sourcecode.c.c; path = mmu_io.c; sourceTree = "<group>"; };
		8C6C48972B09602200B73C87 /* mmu_virt.c */ = {isa = PBXFileReference; fileEncoding = 4; lastKnownFileType = sourcecode.c.c; path = mmu_virt.c; sourceTree = "<group>"; };
		8C6C48982B09602200B73C87 /* mmu.h */ = {isa = PBXFileReference; fileEncoding = 4; lastKnownFileType = sourcecode.c.h; path = mmu.h; sourceTree = "<group>"; };
		8C6C48992B09602200B73C87 /* mmu_stack.c */ = {isa = PBXFileReference; fileEncoding = 4; lastKnownFileType = sourcecode.c.c; path = mmu_stack.c; sourceTree = "<group>"; };
		8C6C489A2B09602200B73C87 /* mmu_init.c */ = {isa = PBXFileReference; fileEncoding = 4; lastKnownFileType = sourcecode.c.c; path = mmu_init.c; sourceTree = "<group>"; };
		8C6C48A02B09603900B73C87 /* mmup_misc.c */ = {isa = PBXFileReference; fileEncoding = 4; lastKnownFileType = sourcecode.c.c; path = mmup_misc.c; sourceTree = "<group>"; };
		8C6C48A12B09603900B73C87 /* mmup_create.c */ = {isa = PBXFileReference; fileEncoding = 4; lastKnownFileType = sourcecode.c.c; path = mmup_create.c; sourceTree = "<group>"; };
		8C6C48A22B09603900B73C87 /* mmup_delete.c */ = {isa = PBXFileReference; fileEncoding = 4; lastKnownFileType = sourcecode.c.c; path = mmup_delete.c; sourceTree = "<group>"; };
		8C6C48A72B0965D500B73C87 /* decoder_init.c */ = {isa = PBXFileReference; fileEncoding = 4; lastKnownFileType = sourcecode.c.c; path = decoder_init.c; sourceTree = "<group>"; };
		8C6C48A82B0965D600B73C87 /* decoder.h */ = {isa = PBXFileReference; fileEncoding = 4; lastKnownFileType = sourcecode.c.h; path = decoder.h; sourceTree = "<group>"; };
		8C6C48A92B0965D600B73C87 /* decoder_print.c */ = {isa = PBXFileReference; fileEncoding = 4; lastKnownFileType = sourcecode.c.c; path = decoder_print.c; sourceTree = "<group>"; };
		8C6C48AA2B0965D600B73C87 /* decoder_debug.c */ = {isa = PBXFileReference; fileEncoding = 4; lastKnownFileType = sourcecode.c.c; path = decoder_debug.c; sourceTree = "<group>"; };
		8C6C48B32B0966A600B73C87 /* video_collect.c */ = {isa = PBXFileReference; fileEncoding = 4; lastKnownFileType = sourcecode.c.c; path = video_collect.c; sourceTree = "<group>"; };
		8C6C48B42B0966A600B73C87 /* video_handlers.c */ = {isa = PBXFileReference; fileEncoding = 4; lastKnownFileType = sourcecode.c.c; path = video_handlers.c; sourceTree = "<group>"; };
		8C6C48B52B0966A600B73C87 /* video_native.c */ = {isa = PBXFileReference; fileEncoding = 4; lastKnownFileType = sourcecode.c.c; path = video_native.c; sourceTree = "<group>"; };
		8C6C48B62B0966A600B73C87 /* video_init.c */ = {isa = PBXFileReference; fileEncoding = 4; lastKnownFileType = sourcecode.c.c; path = video_init.c; sourceTree = "<group>"; };
		8C6C48B72B0966A600B73C87 /* video.h */ = {isa = PBXFileReference; fileEncoding = 4; lastKnownFileType = sourcecode.c.h; path = video.h; sourceTree = "<group>"; };
		8C6C48BC2B0966AE00B73C87 /* sdbg_init.c */ = {isa = PBXFileReference; fileEncoding = 4; lastKnownFileType = sourcecode.c.c; path = sdbg_init.c; sourceTree = "<group>"; };
		8C6C48BD2B0966AE00B73C87 /* sdbg_natives.c */ = {isa = PBXFileReference; fileEncoding = 4; lastKnownFileType = sourcecode.c.c; path = sdbg_natives.c; sourceTree = "<group>"; };
		8C6C48BE2B0966AE00B73C87 /* sdbg_handler.c */ = {isa = PBXFileReference; fileEncoding = 4; lastKnownFileType = sourcecode.c.c; path = sdbg_handler.c; sourceTree = "<group>"; };
		8C6C48BF2B0966AE00B73C87 /* sdbg.h */ = {isa = PBXFileReference; fileEncoding = 4; lastKnownFileType = sourcecode.c.h; path = sdbg.h; sourceTree = "<group>"; };
		8C6C48C32B0966D400B73C87 /* kb_collect.c */ = {isa = PBXFileReference; fileEncoding = 4; lastKnownFileType = sourcecode.c.c; path = kb_collect.c; sourceTree = "<group>"; };
		8C6C48C42B0966D400B73C87 /* kb.h */ = {isa = PBXFileReference; fileEncoding = 4; lastKnownFileType = sourcecode.c.h; path = kb.h; sourceTree = "<group>"; };
		8C6C48C52B0966D400B73C87 /* kb_native.c */ = {isa = PBXFileReference; fileEncoding = 4; lastKnownFileType = sourcecode.c.c; path = kb_native.c; sourceTree = "<group>"; };
		8C6C48C62B0966D400B73C87 /* kb_handlers.c */ = {isa = PBXFileReference; fileEncoding = 4; lastKnownFileType = sourcecode.c.c; path = kb_handlers.c; sourceTree = "<group>"; };
		8C6C48C72B0966D400B73C87 /* kb_init.c */ = {isa = PBXFileReference; fileEncoding = 4; lastKnownFileType = sourcecode.c.c; path = kb_init.c; sourceTree = "<group>"; };
		8C6C48CC2B0966D900B73C87 /* fdisk_init.c */ = {isa = PBXFileReference; fileEncoding = 4; lastKnownFileType = sourcecode.c.c; path = fdisk_init.c; sourceTree = "<group>"; };
		8C6C48CD2B0966D900B73C87 /* fdisk_collect.c */ = {isa = PBXFileReference; fileEncoding = 4; lastKnownFileType = sourcecode.c.c; path = fdisk_collect.c; sourceTree = "<group>"; };
		8C6C48CE2B0966D900B73C87 /* fdisk_native.c */ = {isa = PBXFileReference; fileEncoding = 4; lastKnownFileType = sourcecode.c.c; path = fdisk_native.c; sourceTree = "<group>"; };
		8C6C48CF2B0966D900B73C87 /* fdisk_handlers.c */ = {isa = PBXFileReference; fileEncoding = 4; lastKnownFileType = sourcecode.c.c; path = fdisk_handlers.c; sourceTree = "<group>"; };
		8C6C48D02B0966D900B73C87 /* fdisk.h */ = {isa = PBXFileReference; fileEncoding = 4; lastKnownFileType = sourcecode.c.h; path = fdisk.h; sourceTree = "<group>"; };
		8C6C48D62B0966FE00B73C87 /* psin2_init.c */ = {isa = PBXFileReference; fileEncoding = 4; lastKnownFileType = sourcecode.c.c; path = psin2_init.c; sourceTree = "<group>"; };
		8C6C48D72B0966FE00B73C87 /* psin2_getcg.c */ = {isa = PBXFileReference; fileEncoding = 4; lastKnownFileType = sourcecode.c.c; path = psin2_getcg.c; sourceTree = "<group>"; };
		8C6C48D82B0966FE00B73C87 /* psin2.h */ = {isa = PBXFileReference; fileEncoding = 4; lastKnownFileType = sourcecode.c.h; path = psin2.h; sourceTree = "<group>"; };
		8C6C48D92B0966FE00B73C87 /* psin2_parse.c */ = {isa = PBXFileReference; fileEncoding = 4; lastKnownFileType = sourcecode.c.c; path = psin2_parse.c; sourceTree = "<group>"; };
		8C6C48DA2B0966FE00B73C87 /* psin2_data.c */ = {isa = PBXFileReference; fileEncoding = 4; lastKnownFileType = sourcecode.c.c; path = psin2_data.c; sourceTree = "<group>"; };
		8C6C48E02B09671B00B73C87 /* tools_main.c */ = {isa = PBXFileReference; fileEncoding = 4; lastKnownFileType = sourcecode.c.c; path = tools_main.c; sourceTree = "<group>"; };
		8C6C48E12B09671B00B73C87 /* tools_bootldr.c */ = {isa = PBXFileReference; fileEncoding = 4; lastKnownFileType = sourcecode.c.c; path = tools_bootldr.c; sourceTree = "<group>"; };
		8C6C48E22B09671B00B73C87 /* tools.h */ = {isa = PBXFileReference; fileEncoding = 4; lastKnownFileType = sourcecode.c.h; path = tools.h; sourceTree = "<group>"; };
		8C6C48E32B09671B00B73C87 /* tools_hddgen.c */ = {isa = PBXFileReference; fileEncoding = 4; lastKnownFileType = sourcecode.c.c; path = tools_hddgen.c; sourceTree = "<group>"; };
		8C6C48E42B09671B00B73C87 /* tools_fontgen.c */ = {isa = PBXFileReference; fileEncoding = 4; lastKnownFileType = sourcecode.c.c; path = tools_fontgen.c; sourceTree = "<group>"; };
		8C6C48E52B09671B00B73C87 /* tools_fontview.c */ = {isa = PBXFileReference; fileEncoding = 4; lastKnownFileType = sourcecode.c.c; path = tools_fontview.c; sourceTree = "<group>"; };
		8C6C48EB2B09677E00B73C87 /* devices_init.c */ = {isa = PBXFileReference; fileEncoding = 4; lastKnownFileType = sourcecode.c.c; path = devices_init.c; sourceTree = "<group>"; };
		8C6C48EC2B09677E00B73C87 /* devices_collect.c */ = {isa = PBXFileReference; fileEncoding = 4; lastKnownFileType = sourcecode.c.c; path = devices_collect.c; sourceTree = "<group>"; };
		8C6C48ED2B09677E00B73C87 /* devices_handlers.c */ = {isa = PBXFileReference; fileEncoding = 4; lastKnownFileType = sourcecode.c.c; path = devices_handlers.c; sourceTree = "<group>"; };
		8C6C48EE2B09677E00B73C87 /* devices.h */ = {isa = PBXFileReference; fileEncoding = 4; lastKnownFileType = sourcecode.c.h; path = devices.h; sourceTree = "<group>"; };
		8CBC12702B14F94A00890ABD /* xcc_systemtime.c */ = {isa = PBXFileReference; lastKnownFileType = sourcecode.c.c; path = xcc_systemtime.c; sourceTree = "<group>"; };
		8CEEAFD92B0954F50026004C /* plasm2_emu */ = {isa = PBXFileReference; explicitFileType = "compiled.mach-o.executable"; includeInIndex = 0; path = plasm2_emu; sourceTree = BUILT_PRODUCTS_DIR; };
		8CEEB0742B095C520026004C /* libSDL2-2.0.0.dylib */ = {isa = PBXFileReference; lastKnownFileType = "compiled.mach-o.dylib"; name = "libSDL2-2.0.0.dylib"; path = "../../../../../../opt/homebrew/Cellar/sdl2/2.28.5/lib/libSDL2-2.0.0.dylib"; sourceTree = "<group>"; };
		8CEEB0882B095F140026004C /* emu.c */ = {isa = PBXFileReference; fileEncoding = 4; lastKnownFileType = sourcecode.c.c; path = emu.c; sourceTree = "<group>"; };
		8CEEB0892B095F140026004C /* emu.h */ = {isa = PBXFileReference; fileEncoding = 4; lastKnownFileType = sourcecode.c.h; path = emu.h; sourceTree = "<group>"; };
		8CEEB08A2B095F140026004C /* main.c */ = {isa = PBXFileReference; fileEncoding = 4; lastKnownFileType = sourcecode.c.c; path = main.c; sourceTree = "<group>"; };
		8CEEB08B2B095F140026004C /* basetypes.h */ = {isa = PBXFileReference; fileEncoding = 4; lastKnownFileType = sourcecode.c.h; path = basetypes.h; sourceTree = "<group>"; };
		8CEEB08F2B095F420026004C /* cpu_handlers.c */ = {isa = PBXFileReference; fileEncoding = 4; lastKnownFileType = sourcecode.c.c; path = cpu_handlers.c; sourceTree = "<group>"; };
		8CEEB0902B095F420026004C /* cpu_init.c */ = {isa = PBXFileReference; fileEncoding = 4; lastKnownFileType = sourcecode.c.c; path = cpu_init.c; sourceTree = "<group>"; };
		8CEEB0912B095F420026004C /* cpu_clock.c */ = {isa = PBXFileReference; fileEncoding = 4; lastKnownFileType = sourcecode.c.c; path = cpu_clock.c; sourceTree = "<group>"; };
		8CEEB0922B095F420026004C /* cpu_inst.c */ = {isa = PBXFileReference; fileEncoding = 4; lastKnownFileType = sourcecode.c.c; path = cpu_inst.c; sourceTree = "<group>"; };
		8CEEB0932B095F420026004C /* cpu.h */ = {isa = PBXFileReference; fileEncoding = 4; lastKnownFileType = sourcecode.c.h; path = cpu.h; sourceTree = "<group>"; };
		8CEEB0942B095F420026004C /* cpu_csm.c */ = {isa = PBXFileReference; fileEncoding = 4; lastKnownFileType = sourcecode.c.c; path = cpu_csm.c; sourceTree = "<group>"; };
/* End PBXFileReference section */

/* Begin PBXFrameworksBuildPhase section */
		8CEEAFD62B0954F50026004C /* Frameworks */ = {
			isa = PBXFrameworksBuildPhase;
			buildActionMask = 2147483647;
			files = (
				8CEEB0752B095C520026004C /* libSDL2-2.0.0.dylib in Frameworks */,
			);
			runOnlyForDeploymentPostprocessing = 0;
		};
/* End PBXFrameworksBuildPhase section */

/* Begin PBXGroup section */
		8C6C489F2B09602500B73C87 /* pages */ = {
			isa = PBXGroup;
			children = (
				8C6C48A12B09603900B73C87 /* mmup_create.c */,
				8C6C48A22B09603900B73C87 /* mmup_delete.c */,
				8C6C48A02B09603900B73C87 /* mmup_misc.c */,
			);
			path = pages;
			sourceTree = "<group>";
		};
		8C6C48A62B0963A400B73C87 /* decoder */ = {
			isa = PBXGroup;
			children = (
				8C6C48AA2B0965D600B73C87 /* decoder_debug.c */,
				8C6C48A72B0965D500B73C87 /* decoder_init.c */,
				8C6C48A92B0965D600B73C87 /* decoder_print.c */,
				8C6C48A82B0965D600B73C87 /* decoder.h */,
			);
			path = decoder;
			sourceTree = "<group>";
		};
		8C6C48AE2B09664400B73C87 /* devices */ = {
			isa = PBXGroup;
			children = (
				8C6C48EC2B09677E00B73C87 /* devices_collect.c */,
				8C6C48ED2B09677E00B73C87 /* devices_handlers.c */,
				8C6C48EB2B09677E00B73C87 /* devices_init.c */,
				8C6C48EE2B09677E00B73C87 /* devices.h */,
				8C6C48B22B09667100B73C87 /* video */,
				8C6C48B12B09666B00B73C87 /* sdbg */,
				8C6C48B02B09666600B73C87 /* kb */,
				8C6C48AF2B09665900B73C87 /* fdisk */,
			);
			path = devices;
			sourceTree = "<group>";
		};
		8C6C48AF2B09665900B73C87 /* fdisk */ = {
			isa = PBXGroup;
			children = (
				8C6C48CD2B0966D900B73C87 /* fdisk_collect.c */,
				8C6C48CF2B0966D900B73C87 /* fdisk_handlers.c */,
				8C6C48CC2B0966D900B73C87 /* fdisk_init.c */,
				8C6C48CE2B0966D900B73C87 /* fdisk_native.c */,
				8C6C48D02B0966D900B73C87 /* fdisk.h */,
			);
			path = fdisk;
			sourceTree = "<group>";
		};
		8C6C48B02B09666600B73C87 /* kb */ = {
			isa = PBXGroup;
			children = (
				8C6C48C32B0966D400B73C87 /* kb_collect.c */,
				8C6C48C62B0966D400B73C87 /* kb_handlers.c */,
				8C6C48C72B0966D400B73C87 /* kb_init.c */,
				8C6C48C52B0966D400B73C87 /* kb_native.c */,
				8C6C48C42B0966D400B73C87 /* kb.h */,
			);
			path = kb;
			sourceTree = "<group>";
		};
		8C6C48B12B09666B00B73C87 /* sdbg */ = {
			isa = PBXGroup;
			children = (
				8C6C48BE2B0966AE00B73C87 /* sdbg_handler.c */,
				8C6C48BC2B0966AE00B73C87 /* sdbg_init.c */,
				8C6C48BD2B0966AE00B73C87 /* sdbg_natives.c */,
				8C6C48BF2B0966AE00B73C87 /* sdbg.h */,
			);
			path = sdbg;
			sourceTree = "<group>";
		};
		8C6C48B22B09667100B73C87 /* video */ = {
			isa = PBXGroup;
			children = (
				8C6C48B32B0966A600B73C87 /* video_collect.c */,
				8C6C48B42B0966A600B73C87 /* video_handlers.c */,
				8C6C48B62B0966A600B73C87 /* video_init.c */,
				8C6C48B52B0966A600B73C87 /* video_native.c */,
				8C6C48B72B0966A600B73C87 /* video.h */,
			);
			path = video;
			sourceTree = "<group>";
		};
		8C6C48D52B0966F200B73C87 /* psin2 */ = {
			isa = PBXGroup;
			children = (
				8C6C48DA2B0966FE00B73C87 /* psin2_data.c */,
				8C6C48D72B0966FE00B73C87 /* psin2_getcg.c */,
				8C6C48D62B0966FE00B73C87 /* psin2_init.c */,
				8C6C48D92B0966FE00B73C87 /* psin2_parse.c */,
				8C6C48D82B0966FE00B73C87 /* psin2.h */,
			);
			path = psin2;
			sourceTree = "<group>";
		};
		8C6C48DF2B09670B00B73C87 /* tools */ = {
			isa = PBXGroup;
			children = (
				8C6C48E12B09671B00B73C87 /* tools_bootldr.c */,
				8C6C48E42B09671B00B73C87 /* tools_fontgen.c */,
				8C6C48E52B09671B00B73C87 /* tools_fontview.c */,
				8C6C48E32B09671B00B73C87 /* tools_hddgen.c */,
				8C6C48E02B09671B00B73C87 /* tools_main.c */,
				8C6C48E22B09671B00B73C87 /* tools.h */,
			);
			path = tools;
			sourceTree = "<group>";
		};
		8CEEAFD02B0954F50026004C = {
			isa = PBXGroup;
			children = (
				8C6C48DF2B09670B00B73C87 /* tools */,
				8C6C48D52B0966F200B73C87 /* psin2 */,
				8C6C48AE2B09664400B73C87 /* devices */,
				8C6C48A62B0963A400B73C87 /* decoder */,
				8CEEB08E2B095F190026004C /* cpu */,
				8CEEB08B2B095F140026004C /* basetypes.h */,
				8CEEB0892B095F140026004C /* emu.h */,
				8CEEB0882B095F140026004C /* emu.c */,
				8CEEB08A2B095F140026004C /* main.c */,
				8CEEAFDA2B0954F50026004C /* Products */,
				8CEEB0732B095C520026004C /* Frameworks */,
			);
			sourceTree = "<group>";
		};
		8CEEAFDA2B0954F50026004C /* Products */ = {
			isa = PBXGroup;
			children = (
				8CEEAFD92B0954F50026004C /* plasm2_emu */,
			);
			name = Products;
			sourceTree = "<group>";
		};
		8CEEB0732B095C520026004C /* Frameworks */ = {
			isa = PBXGroup;
			children = (
				8CEEB0742B095C520026004C /* libSDL2-2.0.0.dylib */,
			);
			name = Frameworks;
			sourceTree = "<group>";
		};
		8CEEB08E2B095F190026004C /* cpu */ = {
			isa = PBXGroup;
			children = (
				8CEEB09C2B095F5A0026004C /* xcc */,
				8CEEB09B2B095F520026004C /* ops */,
				8CEEB09A2B095F4C0026004C /* mmu */,
				8CEEB0912B095F420026004C /* cpu_clock.c */,
				8CEEB0942B095F420026004C /* cpu_csm.c */,
				8CEEB08F2B095F420026004C /* cpu_handlers.c */,
				8CEEB0902B095F420026004C /* cpu_init.c */,
				8CEEB0922B095F420026004C /* cpu_inst.c */,
				8CEEB0932B095F420026004C /* cpu.h */,
			);
			path = cpu;
			sourceTree = "<group>";
		};
		8CEEB09A2B095F4C0026004C /* mmu */ = {
			isa = PBXGroup;
			children = (
				8C6C489F2B09602500B73C87 /* pages */,
				8C6C489A2B09602200B73C87 /* mmu_init.c */,
				8C6C48962B09602200B73C87 /* mmu_io.c */,
				8C6C48992B09602200B73C87 /* mmu_stack.c */,
				8C6C48972B09602200B73C87 /* mmu_virt.c */,
				8C6C48982B09602200B73C87 /* mmu.h */,
			);
			path = mmu;
			sourceTree = "<group>";
		};
		8CEEB09B2B095F520026004C /* ops */ = {
			isa = PBXGroup;
			children = (
				8C6C488A2B09600A00B73C87 /* cops_arithmetic.c */,
				8C6C488B2B09600A00B73C87 /* cops_bitwise.c */,
				8C6C488D2B09600A00B73C87 /* cops_devices.c */,
				8C6C488C2B09600A00B73C87 /* cops_general.c */,
				8C6C488E2B09600A00B73C87 /* cops_interrupts.c */,
				8C6C488F2B09600A00B73C87 /* cops_memory.c */,
			);
			path = ops;
			sourceTree = "<group>";
		};
		8CEEB09C2B095F5A0026004C /* xcc */ = {
			isa = PBXGroup;
			children = (
				8C6C48882B09600300B73C87 /* xcc_timer.c */,
				8CBC12702B14F94A00890ABD /* xcc_systemtime.c */,
			);
			path = xcc;
			sourceTree = "<group>";
		};
/* End PBXGroup section */

/* Begin PBXNativeTarget section */
		8CEEAFD82B0954F50026004C /* plasm2_emu */ = {
			isa = PBXNativeTarget;
			buildConfigurationList = 8CEEAFE02B0954F50026004C /* Build configuration list for PBXNativeTarget "plasm2_emu" */;
			buildPhases = (
				8CEEAFD52B0954F50026004C /* Sources */,
				8CEEAFD62B0954F50026004C /* Frameworks */,
				8CEEAFD72B0954F50026004C /* CopyFiles */,
			);
			buildRules = (
			);
			dependencies = (
			);
			name = plasm2_emu;
			productName = plasm2_emu;
			productReference = 8CEEAFD92B0954F50026004C /* plasm2_emu */;
			productType = "com.apple.product-type.tool";
		};
/* End PBXNativeTarget section */

/* Begin PBXProject section */
		8CEEAFD12B0954F50026004C /* Project object */ = {
			isa = PBXProject;
			attributes = {
				BuildIndependentTargetsInParallel = 1;
				LastUpgradeCheck = 1500;
				TargetAttributes = {
					8CEEAFD82B0954F50026004C = {
						CreatedOnToolsVersion = 15.0.1;
					};
				};
			};
			buildConfigurationList = 8CEEAFD42B0954F50026004C /* Build configuration list for PBXProject "plasm2_emu" */;
			compatibilityVersion = "Xcode 14.0";
			developmentRegion = en;
			hasScannedForEncodings = 0;
			knownRegions = (
				en,
				Base,
			);
			mainGroup = 8CEEAFD02B0954F50026004C;
			productRefGroup = 8CEEAFDA2B0954F50026004C /* Products */;
			projectDirPath = "";
			projectRoot = "";
			targets = (
				8CEEAFD82B0954F50026004C /* plasm2_emu */,
			);
		};
/* End PBXProject section */

/* Begin PBXSourcesBuildPhase section */
		8CEEAFD52B0954F50026004C /* Sources */ = {
			isa = PBXSourcesBuildPhase;
			buildActionMask = 2147483647;
			files = (
				8C6C48A32B09603900B73C87 /* mmup_misc.c in Sources */,
				8C6C48B82B0966A600B73C87 /* video_collect.c in Sources */,
				8C6C48BA2B0966A600B73C87 /* video_native.c in Sources */,
				8C6C48912B09600A00B73C87 /* cops_bitwise.c in Sources */,
				8C6C48F02B09677E00B73C87 /* devices_collect.c in Sources */,
				8C6C48AB2B0965D600B73C87 /* decoder_init.c in Sources */,
				8CEEB08D2B095F140026004C /* main.c in Sources */,
				8C6C48C12B0966AE00B73C87 /* sdbg_natives.c in Sources */,
				8C6C48942B09600A00B73C87 /* cops_interrupts.c in Sources */,
				8CEEB0972B095F420026004C /* cpu_clock.c in Sources */,
				8C6C48902B09600A00B73C87 /* cops_arithmetic.c in Sources */,
				8C6C48E72B09671B00B73C87 /* tools_bootldr.c in Sources */,
				8C6C48DE2B0966FE00B73C87 /* psin2_data.c in Sources */,
				8C6C48952B09600A00B73C87 /* cops_memory.c in Sources */,
				8C6C48892B09600300B73C87 /* xcc_timer.c in Sources */,
				8C6C48C92B0966D400B73C87 /* kb_native.c in Sources */,
				8C6C48D12B0966D900B73C87 /* fdisk_init.c in Sources */,
				8C6C48C22B0966AE00B73C87 /* sdbg_handler.c in Sources */,
				8C6C48DC2B0966FE00B73C87 /* psin2_getcg.c in Sources */,
				8C6C48D22B0966D900B73C87 /* fdisk_collect.c in Sources */,
				8C6C48EA2B09671B00B73C87 /* tools_fontview.c in Sources */,
				8C6C48E62B09671B00B73C87 /* tools_main.c in Sources */,
				8CEEB0982B095F420026004C /* cpu_inst.c in Sources */,
				8C6C489B2B09602200B73C87 /* mmu_io.c in Sources */,
				8C6C48C82B0966D400B73C87 /* kb_collect.c in Sources */,
				8C6C48B92B0966A600B73C87 /* video_handlers.c in Sources */,
				8C6C48EF2B09677E00B73C87 /* devices_init.c in Sources */,
				8C6C48CB2B0966D400B73C87 /* kb_init.c in Sources */,
				8C6C489E2B09602200B73C87 /* mmu_init.c in Sources */,
				8C6C48AD2B0965D600B73C87 /* decoder_debug.c in Sources */,
				8C6C48D42B0966D900B73C87 /* fdisk_handlers.c in Sources */,
				8C6C48932B09600A00B73C87 /* cops_devices.c in Sources */,
				8C6C48DD2B0966FE00B73C87 /* psin2_parse.c in Sources */,
				8C6C48AC2B0965D600B73C87 /* decoder_print.c in Sources */,
				8C6C48C02B0966AE00B73C87 /* sdbg_init.c in Sources */,
				8C6C48A42B09603900B73C87 /* mmup_create.c in Sources */,
				8C6C48DB2B0966FE00B73C87 /* psin2_init.c in Sources */,
				8C6C48A52B09603900B73C87 /* mmup_delete.c in Sources */,
				8CEEB0992B095F420026004C /* cpu_csm.c in Sources */,
				8CEEB0952B095F420026004C /* cpu_handlers.c in Sources */,
				8C6C489D2B09602200B73C87 /* mmu_stack.c in Sources */,
				8C6C48BB2B0966A600B73C87 /* video_init.c in Sources */,
				8C6C48D32B0966D900B73C87 /* fdisk_native.c in Sources */,
				8C6C48F12B09677E00B73C87 /* devices_handlers.c in Sources */,
				8C6C48922B09600A00B73C87 /* cops_general.c in Sources */,
				8C6C48E92B09671B00B73C87 /* tools_fontgen.c in Sources */,
				8C6C48E82B09671B00B73C87 /* tools_hddgen.c in Sources */,
				8CEEB0962B095F420026004C /* cpu_init.c in Sources */,
				8C6C48CA2B0966D400B73C87 /* kb_handlers.c in Sources */,
				8C6C489C2B09602200B73C87 /* mmu_virt.c in Sources */,
				8CBC12712B14F94A00890ABD /* xcc_systemtime.c in Sources */,
				8CEEB08C2B095F140026004C /* emu.c in Sources */,
			);
			runOnlyForDeploymentPostprocessing = 0;
		};
/* End PBXSourcesBuildPhase section */

/* Begin XCBuildConfiguration section */
		8CEEAFDE2B0954F50026004C /* Debug */ = {
			isa = XCBuildConfiguration;
			buildSettings = {
				ALWAYS_SEARCH_USER_PATHS = NO;
				ASSETCATALOG_COMPILER_GENERATE_SWIFT_ASSET_SYMBOL_EXTENSIONS = YES;
				CLANG_ANALYZER_NONNULL = YES;
				CLANG_ANALYZER_NUMBER_OBJECT_CONVERSION = YES_AGGRESSIVE;
				CLANG_CXX_LANGUAGE_STANDARD = "gnu++20";
				CLANG_ENABLE_MODULES = YES;
				CLANG_ENABLE_OBJC_ARC = YES;
				CLANG_ENABLE_OBJC_WEAK = YES;
				CLANG_WARN_BLOCK_CAPTURE_AUTORELEASING = YES;
				CLANG_WARN_BOOL_CONVERSION = YES;
				CLANG_WARN_COMMA = YES;
				CLANG_WARN_CONSTANT_CONVERSION = YES;
				CLANG_WARN_DEPRECATED_OBJC_IMPLEMENTATIONS = YES;
				CLANG_WARN_DIRECT_OBJC_ISA_USAGE = YES_ERROR;
				CLANG_WARN_DOCUMENTATION_COMMENTS = YES;
				CLANG_WARN_EMPTY_BODY = YES;
				CLANG_WARN_ENUM_CONVERSION = YES;
				CLANG_WARN_INFINITE_RECURSION = YES;
				CLANG_WARN_INT_CONVERSION = YES;
				CLANG_WARN_NON_LITERAL_NULL_CONVERSION = YES;
				CLANG_WARN_OBJC_IMPLICIT_RETAIN_SELF = YES;
				CLANG_WARN_OBJC_LITERAL_CONVERSION = YES;
				CLANG_WARN_OBJC_ROOT_CLASS = YES_ERROR;
				CLANG_WARN_QUOTED_INCLUDE_IN_FRAMEWORK_HEADER = YES;
				CLANG_WARN_RANGE_LOOP_ANALYSIS = YES;
				CLANG_WARN_STRICT_PROTOTYPES = YES;
				CLANG_WARN_SUSPICIOUS_MOVE = YES;
				CLANG_WARN_UNGUARDED_AVAILABILITY = YES_AGGRESSIVE;
				CLANG_WARN_UNREACHABLE_CODE = YES;
				CLANG_WARN__DUPLICATE_METHOD_MATCH = YES;
				COPY_PHASE_STRIP = NO;
				DEBUG_INFORMATION_FORMAT = dwarf;
				ENABLE_STRICT_OBJC_MSGSEND = YES;
				ENABLE_TESTABILITY = YES;
				ENABLE_USER_SCRIPT_SANDBOXING = YES;
				GCC_C_LANGUAGE_STANDARD = gnu17;
				GCC_DYNAMIC_NO_PIC = NO;
				GCC_NO_COMMON_BLOCKS = YES;
				GCC_OPTIMIZATION_LEVEL = 0;
				GCC_PREPROCESSOR_DEFINITIONS = (
					"DEBUG=1",
					"$(inherited)",
				);
				GCC_WARN_64_TO_32_BIT_CONVERSION = YES;
				GCC_WARN_ABOUT_RETURN_TYPE = YES_ERROR;
				GCC_WARN_UNDECLARED_SELECTOR = YES;
				GCC_WARN_UNINITIALIZED_AUTOS = YES_AGGRESSIVE;
				GCC_WARN_UNUSED_FUNCTION = YES;
				GCC_WARN_UNUSED_VARIABLE = YES;
				LOCALIZATION_PREFERS_STRING_CATALOGS = YES;
				MACOSX_DEPLOYMENT_TARGET = 13.5;
				MTL_ENABLE_DEBUG_INFO = INCLUDE_SOURCE;
				MTL_FAST_MATH = YES;
				ONLY_ACTIVE_ARCH = YES;
				SDKROOT = macosx;
			};
			name = Debug;
		};
		8CEEAFDF2B0954F50026004C /* Release */ = {
			isa = XCBuildConfiguration;
			buildSettings = {
				ALWAYS_SEARCH_USER_PATHS = NO;
				ASSETCATALOG_COMPILER_GENERATE_SWIFT_ASSET_SYMBOL_EXTENSIONS = YES;
				CLANG_ANALYZER_NONNULL = YES;
				CLANG_ANALYZER_NUMBER_OBJECT_CONVERSION = YES_AGGRESSIVE;
				CLANG_CXX_LANGUAGE_STANDARD = "gnu++20";
				CLANG_ENABLE_MODULES = YES;
				CLANG_ENABLE_OBJC_ARC = YES;
				CLANG_ENABLE_OBJC_WEAK = YES;
				CLANG_WARN_BLOCK_CAPTURE_AUTORELEASING = YES;
				CLANG_WARN_BOOL_CONVERSION = YES;
				CLANG_WARN_COMMA = YES;
				CLANG_WARN_CONSTANT_CONVERSION = YES;
				CLANG_WARN_DEPRECATED_OBJC_IMPLEMENTATIONS = YES;
				CLANG_WARN_DIRECT_OBJC_ISA_USAGE = YES_ERROR;
				CLANG_WARN_DOCUMENTATION_COMMENTS = YES;
				CLANG_WARN_EMPTY_BODY = YES;
				CLANG_WARN_ENUM_CONVERSION = YES;
				CLANG_WARN_INFINITE_RECURSION = YES;
				CLANG_WARN_INT_CONVERSION = YES;
				CLANG_WARN_NON_LITERAL_NULL_CONVERSION = YES;
				CLANG_WARN_OBJC_IMPLICIT_RETAIN_SELF = YES;
				CLANG_WARN_OBJC_LITERAL_CONVERSION = YES;
				CLANG_WARN_OBJC_ROOT_CLASS = YES_ERROR;
				CLANG_WARN_QUOTED_INCLUDE_IN_FRAMEWORK_HEADER = YES;
				CLANG_WARN_RANGE_LOOP_ANALYSIS = YES;
				CLANG_WARN_STRICT_PROTOTYPES = YES;
				CLANG_WARN_SUSPICIOUS_MOVE = YES;
				CLANG_WARN_UNGUARDED_AVAILABILITY = YES_AGGRESSIVE;
				CLANG_WARN_UNREACHABLE_CODE = YES;
				CLANG_WARN__DUPLICATE_METHOD_MATCH = YES;
				COPY_PHASE_STRIP = NO;
				DEBUG_INFORMATION_FORMAT = "dwarf-with-dsym";
				ENABLE_NS_ASSERTIONS = NO;
				ENABLE_STRICT_OBJC_MSGSEND = YES;
				ENABLE_USER_SCRIPT_SANDBOXING = YES;
				GCC_C_LANGUAGE_STANDARD = gnu17;
				GCC_NO_COMMON_BLOCKS = YES;
				GCC_WARN_64_TO_32_BIT_CONVERSION = YES;
				GCC_WARN_ABOUT_RETURN_TYPE = YES_ERROR;
				GCC_WARN_UNDECLARED_SELECTOR = YES;
				GCC_WARN_UNINITIALIZED_AUTOS = YES_AGGRESSIVE;
				GCC_WARN_UNUSED_FUNCTION = YES;
				GCC_WARN_UNUSED_VARIABLE = YES;
				LOCALIZATION_PREFERS_STRING_CATALOGS = YES;
				MACOSX_DEPLOYMENT_TARGET = 13.5;
				MTL_ENABLE_DEBUG_INFO = NO;
				MTL_FAST_MATH = YES;
				SDKROOT = macosx;
			};
			name = Release;
		};
		8CEEAFE12B0954F50026004C /* Debug */ = {
			isa = XCBuildConfiguration;
			buildSettings = {
				CODE_SIGN_STYLE = Automatic;
				"HEADER_SEARCH_PATHS[arch=*]" = /opt/homebrew/Cellar/sdl2/2.28.5/include/SDL2;
				LIBRARY_SEARCH_PATHS = (
					"$(inherited)",
					/opt/homebrew/Cellar/sdl2/2.28.5/lib,
				);
				PRODUCT_NAME = "$(TARGET_NAME)";
			};
			name = Debug;
		};
		8CEEAFE22B0954F50026004C /* Release */ = {
			isa = XCBuildConfiguration;
			buildSettings = {
				CODE_SIGN_STYLE = Automatic;
				HEADER_SEARCH_PATHS = /opt/homebrew/Cellar/sdl2/2.28.5/include/SDL2;
				LIBRARY_SEARCH_PATHS = (
					"$(inherited)",
					/opt/homebrew/Cellar/sdl2/2.28.5/lib,
				);
				PRODUCT_NAME = "$(TARGET_NAME)";
			};
			name = Release;
		};
/* End XCBuildConfiguration section */

/* Begin XCConfigurationList section */
		8CEEAFD42B0954F50026004C /* Build configuration list for PBXProject "plasm2_emu" */ = {
			isa = XCConfigurationList;
			buildConfigurations = (
				8CEEAFDE2B0954F50026004C /* Debug */,
				8CEEAFDF2B0954F50026004C /* Release */,
			);
			defaultConfigurationIsVisible = 0;
			defaultConfigurationName = Release;
		};
		8CEEAFE02B0954F50026004C /* Build configuration list for PBXNativeTarget "plasm2_emu" */ = {
			isa = XCConfigurationList;
			buildConfigurations = (
				8CEEAFE12B0954F50026004C /* Debug */,
				8CEEAFE22B0954F50026004C /* Release */,
			);
			defaultConfigurationIsVisible = 0;
			defaultConfigurationName = Release;
		};
/* End XCConfigurationList section */
	};
	rootObject = 8CEEAFD12B0954F50026004C /* Project object */;
}
