// !$*UTF8*$!
{
	archiveVersion = 1;
	classes = {
	};
	objectVersion = 56;
	objects = {

/* Begin PBXBuildFile section */
		8C8312852B0BA911001322C3 /* main.c in Sources */ = {isa = PBXBuildFile; fileRef = 8C8312842B0BA911001322C3 /* main.c */; };
		8C891EDB2B0BC7F1005851F3 /* psin2_data.c in Sources */ = {isa = PBXBuildFile; fileRef = 8C891ED62B0BC7F1005851F3 /* psin2_data.c */; };
		8C891EDC2B0BC7F1005851F3 /* psin2_getcg.c in Sources */ = {isa = PBXBuildFile; fileRef = 8C891ED72B0BC7F1005851F3 /* psin2_getcg.c */; };
		8C891EDD2B0BC7F1005851F3 /* psin2_parse.c in Sources */ = {isa = PBXBuildFile; fileRef = 8C891ED82B0BC7F1005851F3 /* psin2_parse.c */; };
		8C891EDE2B0BC7F1005851F3 /* psin2_init.c in Sources */ = {isa = PBXBuildFile; fileRef = 8C891EDA2B0BC7F1005851F3 /* psin2_init.c */; };
		8C891EE22B0BD7C4005851F3 /* decoder_init.c in Sources */ = {isa = PBXBuildFile; fileRef = 8C891EE12B0BD7C4005851F3 /* decoder_init.c */; };
		8C891EE62B0BD953005851F3 /* decoder_go.c in Sources */ = {isa = PBXBuildFile; fileRef = 8C891EE52B0BD953005851F3 /* decoder_go.c */; };
		8C891EE82B0BDDD7005851F3 /* decoder_read.c in Sources */ = {isa = PBXBuildFile; fileRef = 8C891EE72B0BDDD7005851F3 /* decoder_read.c */; };
/* End PBXBuildFile section */

/* Begin PBXCopyFilesBuildPhase section */
		8C8312702B0BA903001322C3 /* CopyFiles */ = {
			isa = PBXCopyFilesBuildPhase;
			buildActionMask = 2147483647;
			dstPath = /usr/share/man/man1/;
			dstSubfolderSpec = 0;
			files = (
			);
			runOnlyForDeploymentPostprocessing = 1;
		};
/* End PBXCopyFilesBuildPhase section */

/* Begin PBXFileReference section */
		8C8312722B0BA903001322C3 /* plasm2_disassembler */ = {isa = PBXFileReference; explicitFileType = "compiled.mach-o.executable"; includeInIndex = 0; path = plasm2_disassembler; sourceTree = BUILT_PRODUCTS_DIR; };
		8C8312842B0BA911001322C3 /* main.c */ = {isa = PBXFileReference; lastKnownFileType = sourcecode.c.c; path = main.c; sourceTree = "<group>"; };
		8C891ED42B0BC6B2005851F3 /* basetypes.h */ = {isa = PBXFileReference; lastKnownFileType = sourcecode.c.h; path = basetypes.h; sourceTree = "<group>"; };
		8C891ED62B0BC7F1005851F3 /* psin2_data.c */ = {isa = PBXFileReference; fileEncoding = 4; lastKnownFileType = sourcecode.c.c; path = psin2_data.c; sourceTree = "<group>"; };
		8C891ED72B0BC7F1005851F3 /* psin2_getcg.c */ = {isa = PBXFileReference; fileEncoding = 4; lastKnownFileType = sourcecode.c.c; path = psin2_getcg.c; sourceTree = "<group>"; };
		8C891ED82B0BC7F1005851F3 /* psin2_parse.c */ = {isa = PBXFileReference; fileEncoding = 4; lastKnownFileType = sourcecode.c.c; path = psin2_parse.c; sourceTree = "<group>"; };
		8C891ED92B0BC7F1005851F3 /* psin2.h */ = {isa = PBXFileReference; fileEncoding = 4; lastKnownFileType = sourcecode.c.h; path = psin2.h; sourceTree = "<group>"; };
		8C891EDA2B0BC7F1005851F3 /* psin2_init.c */ = {isa = PBXFileReference; fileEncoding = 4; lastKnownFileType = sourcecode.c.c; path = psin2_init.c; sourceTree = "<group>"; };
		8C891EE02B0BD73A005851F3 /* decoder.h */ = {isa = PBXFileReference; lastKnownFileType = sourcecode.c.h; path = decoder.h; sourceTree = "<group>"; };
		8C891EE12B0BD7C4005851F3 /* decoder_init.c */ = {isa = PBXFileReference; lastKnownFileType = sourcecode.c.c; path = decoder_init.c; sourceTree = "<group>"; };
		8C891EE42B0BD85D005851F3 /* symbols.h */ = {isa = PBXFileReference; lastKnownFileType = sourcecode.c.h; path = symbols.h; sourceTree = "<group>"; };
		8C891EE52B0BD953005851F3 /* decoder_go.c */ = {isa = PBXFileReference; lastKnownFileType = sourcecode.c.c; path = decoder_go.c; sourceTree = "<group>"; };
		8C891EE72B0BDDD7005851F3 /* decoder_read.c */ = {isa = PBXFileReference; lastKnownFileType = sourcecode.c.c; path = decoder_read.c; sourceTree = "<group>"; };
/* End PBXFileReference section */

/* Begin PBXFrameworksBuildPhase section */
		8C83126F2B0BA903001322C3 /* Frameworks */ = {
			isa = PBXFrameworksBuildPhase;
			buildActionMask = 2147483647;
			files = (
			);
			runOnlyForDeploymentPostprocessing = 0;
		};
/* End PBXFrameworksBuildPhase section */

/* Begin PBXGroup section */
		8C8312692B0BA903001322C3 = {
			isa = PBXGroup;
			children = (
				8C891EE32B0BD857005851F3 /* symbols */,
				8C891EDF2B0BD730005851F3 /* decoder */,
				8C891ED52B0BC7DA005851F3 /* psin2 */,
				8C891ED42B0BC6B2005851F3 /* basetypes.h */,
				8C8312842B0BA911001322C3 /* main.c */,
				8C8312732B0BA903001322C3 /* Products */,
			);
			sourceTree = "<group>";
		};
		8C8312732B0BA903001322C3 /* Products */ = {
			isa = PBXGroup;
			children = (
				8C8312722B0BA903001322C3 /* plasm2_disassembler */,
			);
			name = Products;
			sourceTree = "<group>";
		};
		8C891ED52B0BC7DA005851F3 /* psin2 */ = {
			isa = PBXGroup;
			children = (
				8C891ED62B0BC7F1005851F3 /* psin2_data.c */,
				8C891ED72B0BC7F1005851F3 /* psin2_getcg.c */,
				8C891EDA2B0BC7F1005851F3 /* psin2_init.c */,
				8C891ED82B0BC7F1005851F3 /* psin2_parse.c */,
				8C891ED92B0BC7F1005851F3 /* psin2.h */,
			);
			path = psin2;
			sourceTree = "<group>";
		};
		8C891EDF2B0BD730005851F3 /* decoder */ = {
			isa = PBXGroup;
			children = (
				8C891EE02B0BD73A005851F3 /* decoder.h */,
				8C891EE12B0BD7C4005851F3 /* decoder_init.c */,
				8C891EE52B0BD953005851F3 /* decoder_go.c */,
				8C891EE72B0BDDD7005851F3 /* decoder_read.c */,
			);
			path = decoder;
			sourceTree = "<group>";
		};
		8C891EE32B0BD857005851F3 /* symbols */ = {
			isa = PBXGroup;
			children = (
				8C891EE42B0BD85D005851F3 /* symbols.h */,
			);
			path = symbols;
			sourceTree = "<group>";
		};
/* End PBXGroup section */

/* Begin PBXNativeTarget section */
		8C8312712B0BA903001322C3 /* plasm2_disassembler */ = {
			isa = PBXNativeTarget;
			buildConfigurationList = 8C8312792B0BA903001322C3 /* Build configuration list for PBXNativeTarget "plasm2_disassembler" */;
			buildPhases = (
				8C83126E2B0BA903001322C3 /* Sources */,
				8C83126F2B0BA903001322C3 /* Frameworks */,
				8C8312702B0BA903001322C3 /* CopyFiles */,
			);
			buildRules = (
			);
			dependencies = (
			);
			name = plasm2_disassembler;
			productName = plasm2_disassembler;
			productReference = 8C8312722B0BA903001322C3 /* plasm2_disassembler */;
			productType = "com.apple.product-type.tool";
		};
/* End PBXNativeTarget section */

/* Begin PBXProject section */
		8C83126A2B0BA903001322C3 /* Project object */ = {
			isa = PBXProject;
			attributes = {
				BuildIndependentTargetsInParallel = 1;
				LastUpgradeCheck = 1500;
				TargetAttributes = {
					8C8312712B0BA903001322C3 = {
						CreatedOnToolsVersion = 15.0.1;
					};
				};
			};
			buildConfigurationList = 8C83126D2B0BA903001322C3 /* Build configuration list for PBXProject "plasm2_disassembler" */;
			compatibilityVersion = "Xcode 14.0";
			developmentRegion = en;
			hasScannedForEncodings = 0;
			knownRegions = (
				en,
				Base,
			);
			mainGroup = 8C8312692B0BA903001322C3;
			productRefGroup = 8C8312732B0BA903001322C3 /* Products */;
			projectDirPath = "";
			projectRoot = "";
			targets = (
				8C8312712B0BA903001322C3 /* plasm2_disassembler */,
			);
		};
/* End PBXProject section */

/* Begin PBXSourcesBuildPhase section */
		8C83126E2B0BA903001322C3 /* Sources */ = {
			isa = PBXSourcesBuildPhase;
			buildActionMask = 2147483647;
			files = (
				8C891EE82B0BDDD7005851F3 /* decoder_read.c in Sources */,
				8C891EDD2B0BC7F1005851F3 /* psin2_parse.c in Sources */,
				8C891EDB2B0BC7F1005851F3 /* psin2_data.c in Sources */,
				8C8312852B0BA911001322C3 /* main.c in Sources */,
				8C891EDE2B0BC7F1005851F3 /* psin2_init.c in Sources */,
				8C891EE22B0BD7C4005851F3 /* decoder_init.c in Sources */,
				8C891EE62B0BD953005851F3 /* decoder_go.c in Sources */,
				8C891EDC2B0BC7F1005851F3 /* psin2_getcg.c in Sources */,
			);
			runOnlyForDeploymentPostprocessing = 0;
		};
/* End PBXSourcesBuildPhase section */

/* Begin XCBuildConfiguration section */
		8C8312772B0BA903001322C3 /* Debug */ = {
			isa = XCBuildConfiguration;
			buildSettings = {
				ALWAYS_SEARCH_USER_PATHS = NO;
				ASSETCATALOG_COMPILER_GENERATE_SWIFT_ASSET_SYMBOL_EXTENSIONS = YES;
				CLANG_ANALYZER_NONNULL = YES;
				CLANG_ANALYZER_NUMBER_OBJECT_CONVERSION = YES_AGGRESSIVE;
				CLANG_CXX_LANGUAGE_STANDARD = "gnu++20";
				CLANG_ENABLE_MODULES = YES;
				CLANG_ENABLE_OBJC_ARC = YES;
				CLANG_ENABLE_OBJC_WEAK = YES;
				CLANG_WARN_BLOCK_CAPTURE_AUTORELEASING = YES;
				CLANG_WARN_BOOL_CONVERSION = YES;
				CLANG_WARN_COMMA = YES;
				CLANG_WARN_CONSTANT_CONVERSION = YES;
				CLANG_WARN_DEPRECATED_OBJC_IMPLEMENTATIONS = YES;
				CLANG_WARN_DIRECT_OBJC_ISA_USAGE = YES_ERROR;
				CLANG_WARN_DOCUMENTATION_COMMENTS = YES;
				CLANG_WARN_EMPTY_BODY = YES;
				CLANG_WARN_ENUM_CONVERSION = YES;
				CLANG_WARN_INFINITE_RECURSION = YES;
				CLANG_WARN_INT_CONVERSION = YES;
				CLANG_WARN_NON_LITERAL_NULL_CONVERSION = YES;
				CLANG_WARN_OBJC_IMPLICIT_RETAIN_SELF = YES;
				CLANG_WARN_OBJC_LITERAL_CONVERSION = YES;
				CLANG_WARN_OBJC_ROOT_CLASS = YES_ERROR;
				CLANG_WARN_QUOTED_INCLUDE_IN_FRAMEWORK_HEADER = YES;
				CLANG_WARN_RANGE_LOOP_ANALYSIS = YES;
				CLANG_WARN_STRICT_PROTOTYPES = YES;
				CLANG_WARN_SUSPICIOUS_MOVE = YES;
				CLANG_WARN_UNGUARDED_AVAILABILITY = YES_AGGRESSIVE;
				CLANG_WARN_UNREACHABLE_CODE = YES;
				CLANG_WARN__DUPLICATE_METHOD_MATCH = YES;
				COPY_PHASE_STRIP = NO;
				DEBUG_INFORMATION_FORMAT = dwarf;
				ENABLE_STRICT_OBJC_MSGSEND = YES;
				ENABLE_TESTABILITY = YES;
				ENABLE_USER_SCRIPT_SANDBOXING = YES;
				GCC_C_LANGUAGE_STANDARD = gnu17;
				GCC_DYNAMIC_NO_PIC = NO;
				GCC_NO_COMMON_BLOCKS = YES;
				GCC_OPTIMIZATION_LEVEL = 0;
				GCC_PREPROCESSOR_DEFINITIONS = (
					"DEBUG=1",
					"$(inherited)",
				);
				GCC_WARN_64_TO_32_BIT_CONVERSION = YES;
				GCC_WARN_ABOUT_RETURN_TYPE = YES_ERROR;
				GCC_WARN_UNDECLARED_SELECTOR = YES;
				GCC_WARN_UNINITIALIZED_AUTOS = YES_AGGRESSIVE;
				GCC_WARN_UNUSED_FUNCTION = YES;
				GCC_WARN_UNUSED_VARIABLE = YES;
				LOCALIZATION_PREFERS_STRING_CATALOGS = YES;
				MACOSX_DEPLOYMENT_TARGET = 13.5;
				MTL_ENABLE_DEBUG_INFO = INCLUDE_SOURCE;
				MTL_FAST_MATH = YES;
				ONLY_ACTIVE_ARCH = YES;
				SDKROOT = macosx;
			};
			name = Debug;
		};
		8C8312782B0BA903001322C3 /* Release */ = {
			isa = XCBuildConfiguration;
			buildSettings = {
				ALWAYS_SEARCH_USER_PATHS = NO;
				ASSETCATALOG_COMPILER_GENERATE_SWIFT_ASSET_SYMBOL_EXTENSIONS = YES;
				CLANG_ANALYZER_NONNULL = YES;
				CLANG_ANALYZER_NUMBER_OBJECT_CONVERSION = YES_AGGRESSIVE;
				CLANG_CXX_LANGUAGE_STANDARD = "gnu++20";
				CLANG_ENABLE_MODULES = YES;
				CLANG_ENABLE_OBJC_ARC = YES;
				CLANG_ENABLE_OBJC_WEAK = YES;
				CLANG_WARN_BLOCK_CAPTURE_AUTORELEASING = YES;
				CLANG_WARN_BOOL_CONVERSION = YES;
				CLANG_WARN_COMMA = YES;
				CLANG_WARN_CONSTANT_CONVERSION = YES;
				CLANG_WARN_DEPRECATED_OBJC_IMPLEMENTATIONS = YES;
				CLANG_WARN_DIRECT_OBJC_ISA_USAGE = YES_ERROR;
				CLANG_WARN_DOCUMENTATION_COMMENTS = YES;
				CLANG_WARN_EMPTY_BODY = YES;
				CLANG_WARN_ENUM_CONVERSION = YES;
				CLANG_WARN_INFINITE_RECURSION = YES;
				CLANG_WARN_INT_CONVERSION = YES;
				CLANG_WARN_NON_LITERAL_NULL_CONVERSION = YES;
				CLANG_WARN_OBJC_IMPLICIT_RETAIN_SELF = YES;
				CLANG_WARN_OBJC_LITERAL_CONVERSION = YES;
				CLANG_WARN_OBJC_ROOT_CLASS = YES_ERROR;
				CLANG_WARN_QUOTED_INCLUDE_IN_FRAMEWORK_HEADER = YES;
				CLANG_WARN_RANGE_LOOP_ANALYSIS = YES;
				CLANG_WARN_STRICT_PROTOTYPES = YES;
				CLANG_WARN_SUSPICIOUS_MOVE = YES;
				CLANG_WARN_UNGUARDED_AVAILABILITY = YES_AGGRESSIVE;
				CLANG_WARN_UNREACHABLE_CODE = YES;
				CLANG_WARN__DUPLICATE_METHOD_MATCH = YES;
				COPY_PHASE_STRIP = NO;
				DEBUG_INFORMATION_FORMAT = "dwarf-with-dsym";
				ENABLE_NS_ASSERTIONS = NO;
				ENABLE_STRICT_OBJC_MSGSEND = YES;
				ENABLE_USER_SCRIPT_SANDBOXING = YES;
				GCC_C_LANGUAGE_STANDARD = gnu17;
				GCC_NO_COMMON_BLOCKS = YES;
				GCC_WARN_64_TO_32_BIT_CONVERSION = YES;
				GCC_WARN_ABOUT_RETURN_TYPE = YES_ERROR;
				GCC_WARN_UNDECLARED_SELECTOR = YES;
				GCC_WARN_UNINITIALIZED_AUTOS = YES_AGGRESSIVE;
				GCC_WARN_UNUSED_FUNCTION = YES;
				GCC_WARN_UNUSED_VARIABLE = YES;
				LOCALIZATION_PREFERS_STRING_CATALOGS = YES;
				MACOSX_DEPLOYMENT_TARGET = 13.5;
				MTL_ENABLE_DEBUG_INFO = NO;
				MTL_FAST_MATH = YES;
				SDKROOT = macosx;
			};
			name = Release;
		};
		8C83127A2B0BA903001322C3 /* Debug */ = {
			isa = XCBuildConfiguration;
			buildSettings = {
				CODE_SIGN_STYLE = Automatic;
				PRODUCT_NAME = "$(TARGET_NAME)";
			};
			name = Debug;
		};
		8C83127B2B0BA903001322C3 /* Release */ = {
			isa = XCBuildConfiguration;
			buildSettings = {
				CODE_SIGN_STYLE = Automatic;
				PRODUCT_NAME = "$(TARGET_NAME)";
			};
			name = Release;
		};
/* End XCBuildConfiguration section */

/* Begin XCConfigurationList section */
		8C83126D2B0BA903001322C3 /* Build configuration list for PBXProject "plasm2_disassembler" */ = {
			isa = XCConfigurationList;
			buildConfigurations = (
				8C8312772B0BA903001322C3 /* Debug */,
				8C8312782B0BA903001322C3 /* Release */,
			);
			defaultConfigurationIsVisible = 0;
			defaultConfigurationName = Release;
		};
		8C8312792B0BA903001322C3 /* Build configuration list for PBXNativeTarget "plasm2_disassembler" */ = {
			isa = XCConfigurationList;
			buildConfigurations = (
				8C83127A2B0BA903001322C3 /* Debug */,
				8C83127B2B0BA903001322C3 /* Release */,
			);
			defaultConfigurationIsVisible = 0;
			defaultConfigurationName = Release;
		};
/* End XCConfigurationList section */
	};
	rootObject = 8C83126A2B0BA903001322C3 /* Project object */;
}
