// !$*UTF8*$!
{
	archiveVersion = 1;
	classes = {
	};
	objectVersion = 56;
	objects = {

/* Begin PBXBuildFile section */
		8C6C48FC2B097DE500B73C87 /* cg_init.c in Sources */ = {isa = PBXBuildFile; fileRef = 8C6C48F72B097DE500B73C87 /* cg_init.c */; };
		8C6C48FD2B097DE500B73C87 /* cg_put.c in Sources */ = {isa = PBXBuildFile; fileRef = 8C6C48F82B097DE500B73C87 /* cg_put.c */; };
		8C6C48FE2B097DE500B73C87 /* cg_errors.c in Sources */ = {isa = PBXBuildFile; fileRef = 8C6C48F92B097DE500B73C87 /* cg_errors.c */; };
		8C6C48FF2B097DE500B73C87 /* cg_parse.c in Sources */ = {isa = PBXBuildFile; fileRef = 8C6C48FA2B097DE500B73C87 /* cg_parse.c */; };
		8C6C49052B097E4D00B73C87 /* link_init.c in Sources */ = {isa = PBXBuildFile; fileRef = 8C6C49012B097E4D00B73C87 /* link_init.c */; };
		8C6C49062B097E4D00B73C87 /* link_symbols.c in Sources */ = {isa = PBXBuildFile; fileRef = 8C6C49022B097E4D00B73C87 /* link_symbols.c */; };
		8C6C49072B097E4D00B73C87 /* link_go.c in Sources */ = {isa = PBXBuildFile; fileRef = 8C6C49032B097E4D00B73C87 /* link_go.c */; };
		8C6C490E2B097E6A00B73C87 /* psin2_data.c in Sources */ = {isa = PBXBuildFile; fileRef = 8C6C49092B097E6A00B73C87 /* psin2_data.c */; };
		8C6C490F2B097E6A00B73C87 /* psin2_getcg.c in Sources */ = {isa = PBXBuildFile; fileRef = 8C6C490A2B097E6A00B73C87 /* psin2_getcg.c */; };
		8C6C49102B097E6A00B73C87 /* psin2_init.c in Sources */ = {isa = PBXBuildFile; fileRef = 8C6C490B2B097E6A00B73C87 /* psin2_init.c */; };
		8C6C49112B097E6A00B73C87 /* psin2_parse.c in Sources */ = {isa = PBXBuildFile; fileRef = 8C6C490C2B097E6A00B73C87 /* psin2_parse.c */; };
		8C6C49152B097E9E00B73C87 /* main.c in Sources */ = {isa = PBXBuildFile; fileRef = 8C6C49142B097E9E00B73C87 /* main.c */; };
		8C6C491A2B097F5800B73C87 /* vf_files.c in Sources */ = {isa = PBXBuildFile; fileRef = 8C6C49172B097F5800B73C87 /* vf_files.c */; };
		8C6C491B2B097F5800B73C87 /* vf_init.c in Sources */ = {isa = PBXBuildFile; fileRef = 8C6C49182B097F5800B73C87 /* vf_init.c */; };
		8C6C491C2B097F5800B73C87 /* vf_g.c in Sources */ = {isa = PBXBuildFile; fileRef = 8C6C49192B097F5800B73C87 /* vf_g.c */; };
		8CF4F4012B09800A00D5641D /* cg_compile.c in Sources */ = {isa = PBXBuildFile; fileRef = 8CF4F4002B09800A00D5641D /* cg_compile.c */; };
/* End PBXBuildFile section */

/* Begin PBXCopyFilesBuildPhase section */
		8CEEAFF02B0955070026004C /* CopyFiles */ = {
			isa = PBXCopyFilesBuildPhase;
			buildActionMask = 2147483647;
			dstPath = /usr/share/man/man1/;
			dstSubfolderSpec = 0;
			files = (
			);
			runOnlyForDeploymentPostprocessing = 1;
		};
/* End PBXCopyFilesBuildPhase section */

/* Begin PBXFileReference section */
		8C6C48F72B097DE500B73C87 /* cg_init.c */ = {isa = PBXFileReference; fileEncoding = 4; lastKnownFileType = sourcecode.c.c; path = cg_init.c; sourceTree = "<group>"; };
		8C6C48F82B097DE500B73C87 /* cg_put.c */ = {isa = PBXFileReference; fileEncoding = 4; lastKnownFileType = sourcecode.c.c; path = cg_put.c; sourceTree = "<group>"; };
		8C6C48F92B097DE500B73C87 /* cg_errors.c */ = {isa = PBXFileReference; fileEncoding = 4; lastKnownFileType = sourcecode.c.c; path = cg_errors.c; sourceTree = "<group>"; };
		8C6C48FA2B097DE500B73C87 /* cg_parse.c */ = {isa = PBXFileReference; fileEncoding = 4; lastKnownFileType = sourcecode.c.c; path = cg_parse.c; sourceTree = "<group>"; };
		8C6C48FB2B097DE500B73C87 /* cg.h */ = {isa = PBXFileReference; fileEncoding = 4; lastKnownFileType = sourcecode.c.h; path = cg.h; sourceTree = "<group>"; };
		8C6C49012B097E4D00B73C87 /* link_init.c */ = {isa = PBXFileReference; fileEncoding = 4; lastKnownFileType = sourcecode.c.c; path = link_init.c; sourceTree = "<group>"; };
		8C6C49022B097E4D00B73C87 /* link_symbols.c */ = {isa = PBXFileReference; fileEncoding = 4; lastKnownFileType = sourcecode.c.c; path = link_symbols.c; sourceTree = "<group>"; };
		8C6C49032B097E4D00B73C87 /* link_go.c */ = {isa = PBXFileReference; fileEncoding = 4; lastKnownFileType = sourcecode.c.c; path = link_go.c; sourceTree = "<group>"; };
		8C6C49042B097E4D00B73C87 /* link.h */ = {isa = PBXFileReference; fileEncoding = 4; lastKnownFileType = sourcecode.c.h; path = link.h; sourceTree = "<group>"; };
		8C6C49092B097E6A00B73C87 /* psin2_data.c */ = {isa = PBXFileReference; fileEncoding = 4; lastKnownFileType = sourcecode.c.c; path = psin2_data.c; sourceTree = "<group>"; };
		8C6C490A2B097E6A00B73C87 /* psin2_getcg.c */ = {isa = PBXFileReference; fileEncoding = 4; lastKnownFileType = sourcecode.c.c; path = psin2_getcg.c; sourceTree = "<group>"; };
		8C6C490B2B097E6A00B73C87 /* psin2_init.c */ = {isa = PBXFileReference; fileEncoding = 4; lastKnownFileType = sourcecode.c.c; path = psin2_init.c; sourceTree = "<group>"; };
		8C6C490C2B097E6A00B73C87 /* psin2_parse.c */ = {isa = PBXFileReference; fileEncoding = 4; lastKnownFileType = sourcecode.c.c; path = psin2_parse.c; sourceTree = "<group>"; };
		8C6C490D2B097E6A00B73C87 /* psin2.h */ = {isa = PBXFileReference; fileEncoding = 4; lastKnownFileType = sourcecode.c.h; path = psin2.h; sourceTree = "<group>"; };
		8C6C49132B097E9000B73C87 /* basetypes.h */ = {isa = PBXFileReference; fileEncoding = 4; lastKnownFileType = sourcecode.c.h; path = basetypes.h; sourceTree = "<group>"; };
		8C6C49142B097E9E00B73C87 /* main.c */ = {isa = PBXFileReference; fileEncoding = 4; lastKnownFileType = sourcecode.c.c; path = main.c; sourceTree = "<group>"; };
		8C6C49162B097F5800B73C87 /* vf.h */ = {isa = PBXFileReference; fileEncoding = 4; lastKnownFileType = sourcecode.c.h; path = vf.h; sourceTree = "<group>"; };
		8C6C49172B097F5800B73C87 /* vf_files.c */ = {isa = PBXFileReference; fileEncoding = 4; lastKnownFileType = sourcecode.c.c; path = vf_files.c; sourceTree = "<group>"; };
		8C6C49182B097F5800B73C87 /* vf_init.c */ = {isa = PBXFileReference; fileEncoding = 4; lastKnownFileType = sourcecode.c.c; path = vf_init.c; sourceTree = "<group>"; };
		8C6C49192B097F5800B73C87 /* vf_g.c */ = {isa = PBXFileReference; fileEncoding = 4; lastKnownFileType = sourcecode.c.c; path = vf_g.c; sourceTree = "<group>"; };
		8CEEAFF22B0955070026004C /* plasm2_asm */ = {isa = PBXFileReference; explicitFileType = "compiled.mach-o.executable"; includeInIndex = 0; path = plasm2_asm; sourceTree = BUILT_PRODUCTS_DIR; };
		8CF4F4002B09800A00D5641D /* cg_compile.c */ = {isa = PBXFileReference; fileEncoding = 4; lastKnownFileType = sourcecode.c.c; path = cg_compile.c; sourceTree = "<group>"; };
/* End PBXFileReference section */

/* Begin PBXFrameworksBuildPhase section */
		8CEEAFEF2B0955070026004C /* Frameworks */ = {
			isa = PBXFrameworksBuildPhase;
			buildActionMask = 2147483647;
			files = (
			);
			runOnlyForDeploymentPostprocessing = 0;
		};
/* End PBXFrameworksBuildPhase section */

/* Begin PBXGroup section */
		8C6C48F62B097DCF00B73C87 /* cg */ = {
			isa = PBXGroup;
			children = (
				8CF4F4002B09800A00D5641D /* cg_compile.c */,
				8C6C48F92B097DE500B73C87 /* cg_errors.c */,
				8C6C48F72B097DE500B73C87 /* cg_init.c */,
				8C6C48FA2B097DE500B73C87 /* cg_parse.c */,
				8C6C48F82B097DE500B73C87 /* cg_put.c */,
				8C6C48FB2B097DE500B73C87 /* cg.h */,
			);
			path = cg;
			sourceTree = "<group>";
		};
		8C6C49002B097DEF00B73C87 /* link */ = {
			isa = PBXGroup;
			children = (
				8C6C49032B097E4D00B73C87 /* link_go.c */,
				8C6C49012B097E4D00B73C87 /* link_init.c */,
				8C6C49022B097E4D00B73C87 /* link_symbols.c */,
				8C6C49042B097E4D00B73C87 /* link.h */,
			);
			path = link;
			sourceTree = "<group>";
		};
		8C6C49082B097E5B00B73C87 /* psin2 */ = {
			isa = PBXGroup;
			children = (
				8C6C49092B097E6A00B73C87 /* psin2_data.c */,
				8C6C490A2B097E6A00B73C87 /* psin2_getcg.c */,
				8C6C490B2B097E6A00B73C87 /* psin2_init.c */,
				8C6C490C2B097E6A00B73C87 /* psin2_parse.c */,
				8C6C490D2B097E6A00B73C87 /* psin2.h */,
			);
			path = psin2;
			sourceTree = "<group>";
		};
		8C6C49122B097E7600B73C87 /* vf */ = {
			isa = PBXGroup;
			children = (
				8C6C49172B097F5800B73C87 /* vf_files.c */,
				8C6C49192B097F5800B73C87 /* vf_g.c */,
				8C6C49182B097F5800B73C87 /* vf_init.c */,
				8C6C49162B097F5800B73C87 /* vf.h */,
			);
			path = vf;
			sourceTree = "<group>";
		};
		8CEEAFE92B0955070026004C = {
			isa = PBXGroup;
			children = (
				8C6C49142B097E9E00B73C87 /* main.c */,
				8C6C49132B097E9000B73C87 /* basetypes.h */,
				8C6C49122B097E7600B73C87 /* vf */,
				8C6C49082B097E5B00B73C87 /* psin2 */,
				8C6C49002B097DEF00B73C87 /* link */,
				8C6C48F62B097DCF00B73C87 /* cg */,
				8CEEAFF32B0955070026004C /* Products */,
			);
			sourceTree = "<group>";
		};
		8CEEAFF32B0955070026004C /* Products */ = {
			isa = PBXGroup;
			children = (
				8CEEAFF22B0955070026004C /* plasm2_asm */,
			);
			name = Products;
			sourceTree = "<group>";
		};
/* End PBXGroup section */

/* Begin PBXNativeTarget section */
		8CEEAFF12B0955070026004C /* plasm2_asm */ = {
			isa = PBXNativeTarget;
			buildConfigurationList = 8CEEAFF92B0955070026004C /* Build configuration list for PBXNativeTarget "plasm2_asm" */;
			buildPhases = (
				8CEEAFEE2B0955070026004C /* Sources */,
				8CEEAFEF2B0955070026004C /* Frameworks */,
				8CEEAFF02B0955070026004C /* CopyFiles */,
			);
			buildRules = (
			);
			dependencies = (
			);
			name = plasm2_asm;
			productName = plasm2_asm;
			productReference = 8CEEAFF22B0955070026004C /* plasm2_asm */;
			productType = "com.apple.product-type.tool";
		};
/* End PBXNativeTarget section */

/* Begin PBXProject section */
		8CEEAFEA2B0955070026004C /* Project object */ = {
			isa = PBXProject;
			attributes = {
				BuildIndependentTargetsInParallel = 1;
				LastUpgradeCheck = 1500;
				TargetAttributes = {
					8CEEAFF12B0955070026004C = {
						CreatedOnToolsVersion = 15.0.1;
					};
				};
			};
			buildConfigurationList = 8CEEAFED2B0955070026004C /* Build configuration list for PBXProject "plasm2_asm" */;
			compatibilityVersion = "Xcode 14.0";
			developmentRegion = en;
			hasScannedForEncodings = 0;
			knownRegions = (
				en,
				Base,
			);
			mainGroup = 8CEEAFE92B0955070026004C;
			productRefGroup = 8CEEAFF32B0955070026004C /* Products */;
			projectDirPath = "";
			projectRoot = "";
			targets = (
				8CEEAFF12B0955070026004C /* plasm2_asm */,
			);
		};
/* End PBXProject section */

/* Begin PBXSourcesBuildPhase section */
		8CEEAFEE2B0955070026004C /* Sources */ = {
			isa = PBXSourcesBuildPhase;
			buildActionMask = 2147483647;
			files = (
				8C6C491C2B097F5800B73C87 /* vf_g.c in Sources */,
				8C6C48FC2B097DE500B73C87 /* cg_init.c in Sources */,
				8C6C48FE2B097DE500B73C87 /* cg_errors.c in Sources */,
				8C6C490E2B097E6A00B73C87 /* psin2_data.c in Sources */,
				8C6C48FD2B097DE500B73C87 /* cg_put.c in Sources */,
				8C6C49072B097E4D00B73C87 /* link_go.c in Sources */,
				8C6C491A2B097F5800B73C87 /* vf_files.c in Sources */,
				8C6C49112B097E6A00B73C87 /* psin2_parse.c in Sources */,
				8C6C490F2B097E6A00B73C87 /* psin2_getcg.c in Sources */,
				8C6C49062B097E4D00B73C87 /* link_symbols.c in Sources */,
				8C6C49152B097E9E00B73C87 /* main.c in Sources */,
				8C6C48FF2B097DE500B73C87 /* cg_parse.c in Sources */,
				8C6C491B2B097F5800B73C87 /* vf_init.c in Sources */,
				8C6C49102B097E6A00B73C87 /* psin2_init.c in Sources */,
				8C6C49052B097E4D00B73C87 /* link_init.c in Sources */,
				8CF4F4012B09800A00D5641D /* cg_compile.c in Sources */,
			);
			runOnlyForDeploymentPostprocessing = 0;
		};
/* End PBXSourcesBuildPhase section */

/* Begin XCBuildConfiguration section */
		8CEEAFF72B0955070026004C /* Debug */ = {
			isa = XCBuildConfiguration;
			buildSettings = {
				ALWAYS_SEARCH_USER_PATHS = NO;
				ASSETCATALOG_COMPILER_GENERATE_SWIFT_ASSET_SYMBOL_EXTENSIONS = YES;
				CLANG_ANALYZER_NONNULL = YES;
				CLANG_ANALYZER_NUMBER_OBJECT_CONVERSION = YES_AGGRESSIVE;
				CLANG_CXX_LANGUAGE_STANDARD = "gnu++20";
				CLANG_ENABLE_MODULES = YES;
				CLANG_ENABLE_OBJC_ARC = YES;
				CLANG_ENABLE_OBJC_WEAK = YES;
				CLANG_WARN_BLOCK_CAPTURE_AUTORELEASING = YES;
				CLANG_WARN_BOOL_CONVERSION = YES;
				CLANG_WARN_COMMA = YES;
				CLANG_WARN_CONSTANT_CONVERSION = YES;
				CLANG_WARN_DEPRECATED_OBJC_IMPLEMENTATIONS = YES;
				CLANG_WARN_DIRECT_OBJC_ISA_USAGE = YES_ERROR;
				CLANG_WARN_DOCUMENTATION_COMMENTS = YES;
				CLANG_WARN_EMPTY_BODY = YES;
				CLANG_WARN_ENUM_CONVERSION = YES;
				CLANG_WARN_INFINITE_RECURSION = YES;
				CLANG_WARN_INT_CONVERSION = YES;
				CLANG_WARN_NON_LITERAL_NULL_CONVERSION = YES;
				CLANG_WARN_OBJC_IMPLICIT_RETAIN_SELF = YES;
				CLANG_WARN_OBJC_LITERAL_CONVERSION = YES;
				CLANG_WARN_OBJC_ROOT_CLASS = YES_ERROR;
				CLANG_WARN_QUOTED_INCLUDE_IN_FRAMEWORK_HEADER = YES;
				CLANG_WARN_RANGE_LOOP_ANALYSIS = YES;
				CLANG_WARN_STRICT_PROTOTYPES = YES;
				CLANG_WARN_SUSPICIOUS_MOVE = YES;
				CLANG_WARN_UNGUARDED_AVAILABILITY = YES_AGGRESSIVE;
				CLANG_WARN_UNREACHABLE_CODE = YES;
				CLANG_WARN__DUPLICATE_METHOD_MATCH = YES;
				COPY_PHASE_STRIP = NO;
				DEBUG_INFORMATION_FORMAT = dwarf;
				ENABLE_STRICT_OBJC_MSGSEND = YES;
				ENABLE_TESTABILITY = YES;
				ENABLE_USER_SCRIPT_SANDBOXING = YES;
				GCC_C_LANGUAGE_STANDARD = gnu17;
				GCC_DYNAMIC_NO_PIC = NO;
				GCC_NO_COMMON_BLOCKS = YES;
				GCC_OPTIMIZATION_LEVEL = 0;
				GCC_PREPROCESSOR_DEFINITIONS = (
					"DEBUG=1",
					"$(inherited)",
				);
				GCC_WARN_64_TO_32_BIT_CONVERSION = YES;
				GCC_WARN_ABOUT_RETURN_TYPE = YES_ERROR;
				GCC_WARN_UNDECLARED_SELECTOR = YES;
				GCC_WARN_UNINITIALIZED_AUTOS = YES_AGGRESSIVE;
				GCC_WARN_UNUSED_FUNCTION = YES;
				GCC_WARN_UNUSED_VARIABLE = YES;
				LOCALIZATION_PREFERS_STRING_CATALOGS = YES;
				MACOSX_DEPLOYMENT_TARGET = 13.5;
				MTL_ENABLE_DEBUG_INFO = INCLUDE_SOURCE;
				MTL_FAST_MATH = YES;
				ONLY_ACTIVE_ARCH = YES;
				SDKROOT = macosx;
			};
			name = Debug;
		};
		8CEEAFF82B0955070026004C /* Release */ = {
			isa = XCBuildConfiguration;
			buildSettings = {
				ALWAYS_SEARCH_USER_PATHS = NO;
				ASSETCATALOG_COMPILER_GENERATE_SWIFT_ASSET_SYMBOL_EXTENSIONS = YES;
				CLANG_ANALYZER_NONNULL = YES;
				CLANG_ANALYZER_NUMBER_OBJECT_CONVERSION = YES_AGGRESSIVE;
				CLANG_CXX_LANGUAGE_STANDARD = "gnu++20";
				CLANG_ENABLE_MODULES = YES;
				CLANG_ENABLE_OBJC_ARC = YES;
				CLANG_ENABLE_OBJC_WEAK = YES;
				CLANG_WARN_BLOCK_CAPTURE_AUTORELEASING = YES;
				CLANG_WARN_BOOL_CONVERSION = YES;
				CLANG_WARN_COMMA = YES;
				CLANG_WARN_CONSTANT_CONVERSION = YES;
				CLANG_WARN_DEPRECATED_OBJC_IMPLEMENTATIONS = YES;
				CLANG_WARN_DIRECT_OBJC_ISA_USAGE = YES_ERROR;
				CLANG_WARN_DOCUMENTATION_COMMENTS = YES;
				CLANG_WARN_EMPTY_BODY = YES;
				CLANG_WARN_ENUM_CONVERSION = YES;
				CLANG_WARN_INFINITE_RECURSION = YES;
				CLANG_WARN_INT_CONVERSION = YES;
				CLANG_WARN_NON_LITERAL_NULL_CONVERSION = YES;
				CLANG_WARN_OBJC_IMPLICIT_RETAIN_SELF = YES;
				CLANG_WARN_OBJC_LITERAL_CONVERSION = YES;
				CLANG_WARN_OBJC_ROOT_CLASS = YES_ERROR;
				CLANG_WARN_QUOTED_INCLUDE_IN_FRAMEWORK_HEADER = YES;
				CLANG_WARN_RANGE_LOOP_ANALYSIS = YES;
				CLANG_WARN_STRICT_PROTOTYPES = YES;
				CLANG_WARN_SUSPICIOUS_MOVE = YES;
				CLANG_WARN_UNGUARDED_AVAILABILITY = YES_AGGRESSIVE;
				CLANG_WARN_UNREACHABLE_CODE = YES;
				CLANG_WARN__DUPLICATE_METHOD_MATCH = YES;
				COPY_PHASE_STRIP = NO;
				DEBUG_INFORMATION_FORMAT = "dwarf-with-dsym";
				ENABLE_NS_ASSERTIONS = NO;
				ENABLE_STRICT_OBJC_MSGSEND = YES;
				ENABLE_USER_SCRIPT_SANDBOXING = YES;
				GCC_C_LANGUAGE_STANDARD = gnu17;
				GCC_NO_COMMON_BLOCKS = YES;
				GCC_WARN_64_TO_32_BIT_CONVERSION = YES;
				GCC_WARN_ABOUT_RETURN_TYPE = YES_ERROR;
				GCC_WARN_UNDECLARED_SELECTOR = YES;
				GCC_WARN_UNINITIALIZED_AUTOS = YES_AGGRESSIVE;
				GCC_WARN_UNUSED_FUNCTION = YES;
				GCC_WARN_UNUSED_VARIABLE = YES;
				LOCALIZATION_PREFERS_STRING_CATALOGS = YES;
				MACOSX_DEPLOYMENT_TARGET = 13.5;
				MTL_ENABLE_DEBUG_INFO = NO;
				MTL_FAST_MATH = YES;
				SDKROOT = macosx;
			};
			name = Release;
		};
		8CEEAFFA2B0955070026004C /* Debug */ = {
			isa = XCBuildConfiguration;
			buildSettings = {
				CODE_SIGN_STYLE = Automatic;
				PRODUCT_NAME = "$(TARGET_NAME)";
			};
			name = Debug;
		};
		8CEEAFFB2B0955070026004C /* Release */ = {
			isa = XCBuildConfiguration;
			buildSettings = {
				CODE_SIGN_STYLE = Automatic;
				PRODUCT_NAME = "$(TARGET_NAME)";
			};
			name = Release;
		};
/* End XCBuildConfiguration section */

/* Begin XCConfigurationList section */
		8CEEAFED2B0955070026004C /* Build configuration list for PBXProject "plasm2_asm" */ = {
			isa = XCConfigurationList;
			buildConfigurations = (
				8CEEAFF72B0955070026004C /* Debug */,
				8CEEAFF82B0955070026004C /* Release */,
			);
			defaultConfigurationIsVisible = 0;
			defaultConfigurationName = Release;
		};
		8CEEAFF92B0955070026004C /* Build configuration list for PBXNativeTarget "plasm2_asm" */ = {
			isa = XCConfigurationList;
			buildConfigurations = (
				8CEEAFFA2B0955070026004C /* Debug */,
				8CEEAFFB2B0955070026004C /* Release */,
			);
			defaultConfigurationIsVisible = 0;
			defaultConfigurationName = Release;
		};
/* End XCConfigurationList section */
	};
	rootObject = 8CEEAFEA2B0955070026004C /* Project object */;
}
